
Microsoft Visual Studio Solution File, Format Version 12.00
# Visual Studio 2012
Project("{FAE04EC0-301F-11D3-BF4B-00C04F79EFBC}") = "Deveel.CSharpCC", "Deveel.CSharpCC\Deveel.CSharpCC.csproj", "{1F32619F-ADDA-4E87-AF1E-A543D20C8A09}"
EndProject
Project("{FAE04EC0-301F-11D3-BF4B-00C04F79EFBC}") = "csharpcc", "csharpcc\csharpcc.csproj", "{2D3F0A4B-DC58-4ADD-AA55-C3F4369519AF}"
EndProject
Project("{FAE04EC0-301F-11D3-BF4B-00C04F79EFBC}") = "Deveel.CSharpCC.NUnit", "Deveel.CSharpCC.NUnit\Deveel.CSharpCC.NUnit.csproj", "{FA351DA5-4FB1-4C99-AF9B-F3897CFE6AFC}"
EndProject
Project("{2150E333-8FDC-42A3-9474-1A3956D46DE8}") = ".nuget", ".nuget", "{2B272B26-D64A-49D5-8348-913A8B0FDE34}"
	ProjectSection(SolutionItems) = preProject
		.nuget\NuGet.Config = .nuget\NuGet.Config
		.nuget\NuGet.exe = .nuget\NuGet.exe
		.nuget\NuGet.targets = .nuget\NuGet.targets
	EndProjectSection
EndProject
Project("{FAE04EC0-301F-11D3-BF4B-00C04F79EFBC}") = "SimpleParserApp", "SimpleParserApp\SimpleParserApp.csproj", "{1382D183-B424-495F-A7CF-5E945E13C2AF}"
EndProject
Global
	GlobalSection(SolutionConfigurationPlatforms) = preSolution
		Debug|Any CPU = Debug|Any CPU
		Release|Any CPU = Release|Any CPU
	EndGlobalSection
	GlobalSection(ProjectConfigurationPlatforms) = postSolution
		{1F32619F-ADDA-4E87-AF1E-A543D20C8A09}.Debug|Any CPU.ActiveCfg = Debug|Any CPU
		{1F32619F-ADDA-4E87-AF1E-A543D20C8A09}.Debug|Any CPU.Build.0 = Debug|Any CPU
		{1F32619F-ADDA-4E87-AF1E-A543D20C8A09}.Release|Any CPU.ActiveCfg = Release|Any CPU
		{1F32619F-ADDA-4E87-AF1E-A543D20C8A09}.Release|Any CPU.Build.0 = Release|Any CPU
		{2D3F0A4B-DC58-4ADD-AA55-C3F4369519AF}.Debug|Any CPU.ActiveCfg = Debug|Any CPU
		{2D3F0A4B-DC58-4ADD-AA55-C3F4369519AF}.Debug|Any CPU.Build.0 = Debug|Any CPU
		{2D3F0A4B-DC58-4ADD-AA55-C3F4369519AF}.Release|Any CPU.ActiveCfg = Release|Any CPU
		{2D3F0A4B-DC58-4ADD-AA55-C3F4369519AF}.Release|Any CPU.Build.0 = Release|Any CPU
		{FA351DA5-4FB1-4C99-AF9B-F3897CFE6AFC}.Debug|Any CPU.ActiveCfg = Debug|Any CPU
		{FA351DA5-4FB1-4C99-AF9B-F3897CFE6AFC}.Debug|Any CPU.Build.0 = Debug|Any CPU
		{FA351DA5-4FB1-4C99-AF9B-F3897CFE6AFC}.Release|Any CPU.ActiveCfg = Release|Any CPU
		{FA351DA5-4FB1-4C99-AF9B-F3897CFE6AFC}.Release|Any CPU.Build.0 = Release|Any CPU
		{1382D183-B424-495F-A7CF-5E945E13C2AF}.Debug|Any CPU.ActiveCfg = Debug|Any CPU
		{1382D183-B424-495F-A7CF-5E945E13C2AF}.Debug|Any CPU.Build.0 = Debug|Any CPU
		{1382D183-B424-495F-A7CF-5E945E13C2AF}.Release|Any CPU.ActiveCfg = Release|Any CPU
		{1382D183-B424-495F-A7CF-5E945E13C2AF}.Release|Any CPU.Build.0 = Release|Any CPU
	EndGlobalSection
	GlobalSection(SolutionProperties) = preSolution
		HideSolutionNode = FALSE
	EndGlobalSection
EndGlobal
